
Microsoft Visual Studio Solution File, Format Version 12.00
# Visual Studio 15
VisualStudioVersion = 15.0.28307.852
MinimumVisualStudioVersion = 10.0.40219.1
Project("{9A19103F-16F7-4668-BE54-9A1E7A4F7556}") = "HotelAPI", "HotelAPI.csproj", "{EEC88AF5-B9D7-4D92-AE23-4CC79B9D0138}"
EndProject
Project("{FAE04EC0-301F-11D3-BF4B-00C04F79EFBC}") = "HotelAPI.Tests", "..\HotelAPI.Tests\HotelAPI.Tests.csproj", "{7C326691-0C1F-4715-8A66-CA2C5D43BC2B}"
EndProject
Global
	GlobalSection(SolutionConfigurationPlatforms) = preSolution
		Debug|Any CPU = Debug|Any CPU
		Release|Any CPU = Release|Any CPU
	EndGlobalSection
	GlobalSection(ProjectConfigurationPlatforms) = postSolution
		{EEC88AF5-B9D7-4D92-AE23-4CC79B9D0138}.Debug|Any CPU.ActiveCfg = Debug|Any CPU
		{EEC88AF5-B9D7-4D92-AE23-4CC79B9D0138}.Debug|Any CPU.Build.0 = Debug|Any CPU
		{EEC88AF5-B9D7-4D92-AE23-4CC79B9D0138}.Release|Any CPU.ActiveCfg = Release|Any CPU
		{EEC88AF5-B9D7-4D92-AE23-4CC79B9D0138}.Release|Any CPU.Build.0 = Release|Any CPU
		{7C326691-0C1F-4715-8A66-CA2C5D43BC2B}.Debug|Any CPU.ActiveCfg = Debug|Any CPU
		{7C326691-0C1F-4715-8A66-CA2C5D43BC2B}.Debug|Any CPU.Build.0 = Debug|Any CPU
		{7C326691-0C1F-4715-8A66-CA2C5D43BC2B}.Release|Any CPU.ActiveCfg = Release|Any CPU
		{7C326691-0C1F-4715-8A66-CA2C5D43BC2B}.Release|Any CPU.Build.0 = Release|Any CPU
	EndGlobalSection
	GlobalSection(SolutionProperties) = preSolution
		HideSolutionNode = FALSE
	EndGlobalSection
	GlobalSection(ExtensibilityGlobals) = postSolution
		SolutionGuid = {0F337246-CEFB-49FB-9B42-1DA3932C6BB2}
	EndGlobalSection
EndGlobal
